
Microsoft Visual Studio Solution File, Format Version 12.00
# Visual Studio Version 16
VisualStudioVersion = 16.0.30709.132
MinimumVisualStudioVersion = 10.0.40219.1
Project("{FAE04EC0-301F-11D3-BF4B-00C04F79EFBC}") = "Integrity", "Integrity\Integrity.csproj", "{149911D6-5B60-470D-8386-AB0ADAFDA060}"
EndProject
Project("{FAE04EC0-301F-11D3-BF4B-00C04F79EFBC}") = "Confidentiality", "Confidentiality\Confidentiality.csproj", "{A93AD371-01A5-4220-9AB0-57EA3DF3195C}"
EndProject
Global
	GlobalSection(SolutionConfigurationPlatforms) = preSolution
		Debug|Any CPU = Debug|Any CPU
		Release|Any CPU = Release|Any CPU
	EndGlobalSection
	GlobalSection(ProjectConfigurationPlatforms) = postSolution
		{149911D6-5B60-470D-8386-AB0ADAFDA060}.Debug|Any CPU.ActiveCfg = Debug|Any CPU
		{149911D6-5B60-470D-8386-AB0ADAFDA060}.Debug|Any CPU.Build.0 = Debug|Any CPU
		{149911D6-5B60-470D-8386-AB0ADAFDA060}.Release|Any CPU.ActiveCfg = Release|Any CPU
		{149911D6-5B60-470D-8386-AB0ADAFDA060}.Release|Any CPU.Build.0 = Release|Any CPU
		{A93AD371-01A5-4220-9AB0-57EA3DF3195C}.Debug|Any CPU.ActiveCfg = Debug|Any CPU
		{A93AD371-01A5-4220-9AB0-57EA3DF3195C}.Debug|Any CPU.Build.0 = Debug|Any CPU
		{A93AD371-01A5-4220-9AB0-57EA3DF3195C}.Release|Any CPU.ActiveCfg = Release|Any CPU
		{A93AD371-01A5-4220-9AB0-57EA3DF3195C}.Release|Any CPU.Build.0 = Release|Any CPU
	EndGlobalSection
	GlobalSection(SolutionProperties) = preSolution
		HideSolutionNode = FALSE
	EndGlobalSection
	GlobalSection(ExtensibilityGlobals) = postSolution
		SolutionGuid = {37F76CF4-ECA4-4EF9-9E53-55DEB4E6A82F}
	EndGlobalSection
EndGlobal
