
Microsoft Visual Studio Solution File, Format Version 12.00
# Visual Studio Version 16
VisualStudioVersion = 16.0.30709.132
MinimumVisualStudioVersion = 10.0.40219.1
Project("{FAE04EC0-301F-11D3-BF4B-00C04F79EFBC}") = "Grafisch", "Grafisch\Grafisch.csproj", "{F93EFD6E-106A-4F27-BDA1-33BDFBFE3987}"
EndProject
Project("{FAE04EC0-301F-11D3-BF4B-00C04F79EFBC}") = "WpfCalculator", "WpfCalculator\WpfCalculator.csproj", "{AF4B17CC-BF40-4784-B4D8-3EEB9EF77979}"
EndProject
Global
	GlobalSection(SolutionConfigurationPlatforms) = preSolution
		Debug|Any CPU = Debug|Any CPU
		Release|Any CPU = Release|Any CPU
	EndGlobalSection
	GlobalSection(ProjectConfigurationPlatforms) = postSolution
		{F93EFD6E-106A-4F27-BDA1-33BDFBFE3987}.Debug|Any CPU.ActiveCfg = Debug|Any CPU
		{F93EFD6E-106A-4F27-BDA1-33BDFBFE3987}.Debug|Any CPU.Build.0 = Debug|Any CPU
		{F93EFD6E-106A-4F27-BDA1-33BDFBFE3987}.Release|Any CPU.ActiveCfg = Release|Any CPU
		{F93EFD6E-106A-4F27-BDA1-33BDFBFE3987}.Release|Any CPU.Build.0 = Release|Any CPU
		{AF4B17CC-BF40-4784-B4D8-3EEB9EF77979}.Debug|Any CPU.ActiveCfg = Debug|Any CPU
		{AF4B17CC-BF40-4784-B4D8-3EEB9EF77979}.Debug|Any CPU.Build.0 = Debug|Any CPU
		{AF4B17CC-BF40-4784-B4D8-3EEB9EF77979}.Release|Any CPU.ActiveCfg = Release|Any CPU
		{AF4B17CC-BF40-4784-B4D8-3EEB9EF77979}.Release|Any CPU.Build.0 = Release|Any CPU
	EndGlobalSection
	GlobalSection(SolutionProperties) = preSolution
		HideSolutionNode = FALSE
	EndGlobalSection
	GlobalSection(ExtensibilityGlobals) = postSolution
		SolutionGuid = {48E7405D-ED2D-4241-B136-2C4D53699CB0}
	EndGlobalSection
EndGlobal
